
Microsoft Visual Studio Solution File, Format Version 12.00
Project("{FAE04EC0-301F-11D3-BF4B-00C04F79EFBC}") = "ToDoApp.WebApi", "ToDoApp.WebApi\ToDoApp.WebApi.csproj", "{39563476-7CE3-4F26-A47A-8983ABF212E6}"
EndProject
Project("{FAE04EC0-301F-11D3-BF4B-00C04F79EFBC}") = "ToDoApp.Domain", "ToDoApp.Domain\ToDoApp.Domain.csproj", "{5615B0C2-FC91-4FFC-8AD9-199781DA0967}"
EndProject
Project("{2150E333-8FDC-42A3-9474-1A3956D46DE8}") = "Core", "Core", "{491C0C46-E4A2-4CBF-A959-62B8AA87E0B7}"
EndProject
Project("{2150E333-8FDC-42A3-9474-1A3956D46DE8}") = "Infrastructure", "Infrastructure", "{C0610282-8463-4854-BE33-62A686C2FA9A}"
EndProject
Project("{FAE04EC0-301F-11D3-BF4B-00C04F79EFBC}") = "ToDoApp.Contracts", "ToDoApp.Contracts\ToDoApp.Contracts.csproj", "{E2BB728A-EAC0-41F9-94F9-419542D575EE}"
EndProject
Project("{FAE04EC0-301F-11D3-BF4B-00C04F79EFBC}") = "ToDoApp.Services.Abstration", "ToDoApp.Services.Abstration\ToDoApp.Services.Abstration.csproj", "{05FF262B-A581-4B05-90B9-B6D4C098E310}"
EndProject
Project("{FAE04EC0-301F-11D3-BF4B-00C04F79EFBC}") = "ToDoApp.Services", "ToDoApp.Services\ToDoApp.Services.csproj", "{CC191DD4-F7A2-436D-AB02-DC82C78D5593}"
EndProject
Project("{FAE04EC0-301F-11D3-BF4B-00C04F79EFBC}") = "ToDoApp.Persistence", "ToDoApp.Persistence\ToDoApp.Persistence.csproj", "{44C91737-BAB4-4FD0-9C5E-B7262119C7D9}"
EndProject
Project("{FAE04EC0-301F-11D3-BF4B-00C04F79EFBC}") = "Presentation", "Presentation\Presentation.csproj", "{5FC7441C-DEE0-41B7-B15B-156E70EC5FF1}"
EndProject
Global
	GlobalSection(SolutionConfigurationPlatforms) = preSolution
		Debug|Any CPU = Debug|Any CPU
		Release|Any CPU = Release|Any CPU
	EndGlobalSection
	GlobalSection(ProjectConfigurationPlatforms) = postSolution
		{39563476-7CE3-4F26-A47A-8983ABF212E6}.Debug|Any CPU.ActiveCfg = Debug|Any CPU
		{39563476-7CE3-4F26-A47A-8983ABF212E6}.Debug|Any CPU.Build.0 = Debug|Any CPU
		{39563476-7CE3-4F26-A47A-8983ABF212E6}.Release|Any CPU.ActiveCfg = Release|Any CPU
		{39563476-7CE3-4F26-A47A-8983ABF212E6}.Release|Any CPU.Build.0 = Release|Any CPU
		{5615B0C2-FC91-4FFC-8AD9-199781DA0967}.Debug|Any CPU.ActiveCfg = Debug|Any CPU
		{5615B0C2-FC91-4FFC-8AD9-199781DA0967}.Debug|Any CPU.Build.0 = Debug|Any CPU
		{5615B0C2-FC91-4FFC-8AD9-199781DA0967}.Release|Any CPU.ActiveCfg = Release|Any CPU
		{5615B0C2-FC91-4FFC-8AD9-199781DA0967}.Release|Any CPU.Build.0 = Release|Any CPU
		{E2BB728A-EAC0-41F9-94F9-419542D575EE}.Debug|Any CPU.ActiveCfg = Debug|Any CPU
		{E2BB728A-EAC0-41F9-94F9-419542D575EE}.Debug|Any CPU.Build.0 = Debug|Any CPU
		{E2BB728A-EAC0-41F9-94F9-419542D575EE}.Release|Any CPU.ActiveCfg = Release|Any CPU
		{E2BB728A-EAC0-41F9-94F9-419542D575EE}.Release|Any CPU.Build.0 = Release|Any CPU
		{05FF262B-A581-4B05-90B9-B6D4C098E310}.Debug|Any CPU.ActiveCfg = Debug|Any CPU
		{05FF262B-A581-4B05-90B9-B6D4C098E310}.Debug|Any CPU.Build.0 = Debug|Any CPU
		{05FF262B-A581-4B05-90B9-B6D4C098E310}.Release|Any CPU.ActiveCfg = Release|Any CPU
		{05FF262B-A581-4B05-90B9-B6D4C098E310}.Release|Any CPU.Build.0 = Release|Any CPU
		{CC191DD4-F7A2-436D-AB02-DC82C78D5593}.Debug|Any CPU.ActiveCfg = Debug|Any CPU
		{CC191DD4-F7A2-436D-AB02-DC82C78D5593}.Debug|Any CPU.Build.0 = Debug|Any CPU
		{CC191DD4-F7A2-436D-AB02-DC82C78D5593}.Release|Any CPU.ActiveCfg = Release|Any CPU
		{CC191DD4-F7A2-436D-AB02-DC82C78D5593}.Release|Any CPU.Build.0 = Release|Any CPU
		{44C91737-BAB4-4FD0-9C5E-B7262119C7D9}.Debug|Any CPU.ActiveCfg = Debug|Any CPU
		{44C91737-BAB4-4FD0-9C5E-B7262119C7D9}.Debug|Any CPU.Build.0 = Debug|Any CPU
		{44C91737-BAB4-4FD0-9C5E-B7262119C7D9}.Release|Any CPU.ActiveCfg = Release|Any CPU
		{44C91737-BAB4-4FD0-9C5E-B7262119C7D9}.Release|Any CPU.Build.0 = Release|Any CPU
		{5FC7441C-DEE0-41B7-B15B-156E70EC5FF1}.Debug|Any CPU.ActiveCfg = Debug|Any CPU
		{5FC7441C-DEE0-41B7-B15B-156E70EC5FF1}.Debug|Any CPU.Build.0 = Debug|Any CPU
		{5FC7441C-DEE0-41B7-B15B-156E70EC5FF1}.Release|Any CPU.ActiveCfg = Release|Any CPU
		{5FC7441C-DEE0-41B7-B15B-156E70EC5FF1}.Release|Any CPU.Build.0 = Release|Any CPU
	EndGlobalSection
	GlobalSection(NestedProjects) = preSolution
		{5615B0C2-FC91-4FFC-8AD9-199781DA0967} = {491C0C46-E4A2-4CBF-A959-62B8AA87E0B7}
		{E2BB728A-EAC0-41F9-94F9-419542D575EE} = {491C0C46-E4A2-4CBF-A959-62B8AA87E0B7}
		{05FF262B-A581-4B05-90B9-B6D4C098E310} = {491C0C46-E4A2-4CBF-A959-62B8AA87E0B7}
		{CC191DD4-F7A2-436D-AB02-DC82C78D5593} = {491C0C46-E4A2-4CBF-A959-62B8AA87E0B7}
		{44C91737-BAB4-4FD0-9C5E-B7262119C7D9} = {C0610282-8463-4854-BE33-62A686C2FA9A}
		{5FC7441C-DEE0-41B7-B15B-156E70EC5FF1} = {C0610282-8463-4854-BE33-62A686C2FA9A}
	EndGlobalSection
EndGlobal
